
Microsoft Visual Studio Solution File, Format Version 12.00
# Visual Studio Version 16
VisualStudioVersion = 16.0.31624.102
MinimumVisualStudioVersion = 10.0.40219.1
Project("{9A19103F-16F7-4668-BE54-9A1E7A4F7556}") = "Artemis.Plugins.Devices.XpgPrime", "Artemis.Plugins.Devices.XpgPrime\Artemis.Plugins.Devices.XpgPrime.csproj", "{FE2AB0F1-3A81-4444-B622-0DD4C88EE4EF}"
EndProject
Project("{9A19103F-16F7-4668-BE54-9A1E7A4F7556}") = "RGB.NET.Devices.XpgPrime", "RGB.NET.Devices.XpgPrime\RGB.NET.Devices.XpgPrime.csproj", "{37F02362-BCC0-46C6-89C9-972934C5FE64}"
EndProject
Global
	GlobalSection(SolutionConfigurationPlatforms) = preSolution
		Debug|Any CPU = Debug|Any CPU
		Debug|x64 = Debug|x64
		Release|Any CPU = Release|Any CPU
		Release|x64 = Release|x64
	EndGlobalSection
	GlobalSection(ProjectConfigurationPlatforms) = postSolution
		{FE2AB0F1-3A81-4444-B622-0DD4C88EE4EF}.Debug|Any CPU.ActiveCfg = Debug|x64
		{FE2AB0F1-3A81-4444-B622-0DD4C88EE4EF}.Debug|x64.ActiveCfg = Debug|x64
		{FE2AB0F1-3A81-4444-B622-0DD4C88EE4EF}.Debug|x64.Build.0 = Debug|x64
		{FE2AB0F1-3A81-4444-B622-0DD4C88EE4EF}.Release|Any CPU.ActiveCfg = Release|x64
		{FE2AB0F1-3A81-4444-B622-0DD4C88EE4EF}.Release|x64.ActiveCfg = Release|x64
		{FE2AB0F1-3A81-4444-B622-0DD4C88EE4EF}.Release|x64.Build.0 = Release|x64
		{37F02362-BCC0-46C6-89C9-972934C5FE64}.Debug|Any CPU.ActiveCfg = Debug|Any CPU
		{37F02362-BCC0-46C6-89C9-972934C5FE64}.Debug|Any CPU.Build.0 = Debug|Any CPU
		{37F02362-BCC0-46C6-89C9-972934C5FE64}.Debug|x64.ActiveCfg = Debug|Any CPU
		{37F02362-BCC0-46C6-89C9-972934C5FE64}.Debug|x64.Build.0 = Debug|Any CPU
		{37F02362-BCC0-46C6-89C9-972934C5FE64}.Release|Any CPU.ActiveCfg = Release|Any CPU
		{37F02362-BCC0-46C6-89C9-972934C5FE64}.Release|Any CPU.Build.0 = Release|Any CPU
		{37F02362-BCC0-46C6-89C9-972934C5FE64}.Release|x64.ActiveCfg = Release|Any CPU
		{37F02362-BCC0-46C6-89C9-972934C5FE64}.Release|x64.Build.0 = Release|Any CPU
	EndGlobalSection
	GlobalSection(SolutionProperties) = preSolution
		HideSolutionNode = FALSE
	EndGlobalSection
	GlobalSection(ExtensibilityGlobals) = postSolution
		SolutionGuid = {1B8AB99C-DD86-4EAB-88B0-01DBF9643FA7}
	EndGlobalSection
EndGlobal
